
Microsoft Visual Studio Solution File, Format Version 12.00
# Visual Studio Version 17
VisualStudioVersion = 17.0.31919.166
MinimumVisualStudioVersion = 10.0.40219.1
Project("{9A19103F-16F7-4668-BE54-9A1E7A4F7556}") = "khinsiderLoader", "khinsiderLoader.csproj", "{02738AB2-E916-4BD9-A020-DC5C2E79DF65}"
EndProject
Global
	GlobalSection(SolutionConfigurationPlatforms) = preSolution
		Debug|Any CPU = Debug|Any CPU
		Release|Any CPU = Release|Any CPU
	EndGlobalSection
	GlobalSection(ProjectConfigurationPlatforms) = postSolution
		{02738AB2-E916-4BD9-A020-DC5C2E79DF65}.Debug|Any CPU.ActiveCfg = Debug|Any CPU
		{02738AB2-E916-4BD9-A020-DC5C2E79DF65}.Debug|Any CPU.Build.0 = Debug|Any CPU
		{02738AB2-E916-4BD9-A020-DC5C2E79DF65}.Release|Any CPU.ActiveCfg = Release|Any CPU
		{02738AB2-E916-4BD9-A020-DC5C2E79DF65}.Release|Any CPU.Build.0 = Release|Any CPU
	EndGlobalSection
	GlobalSection(SolutionProperties) = preSolution
		HideSolutionNode = FALSE
	EndGlobalSection
	GlobalSection(ExtensibilityGlobals) = postSolution
		SolutionGuid = {B9D77907-A79A-491C-9835-D45B6EBE8370}
	EndGlobalSection
EndGlobal
